
Microsoft Visual Studio Solution File, Format Version 12.00
# Visual Studio Version 16
VisualStudioVersion = 16.0.29926.136
MinimumVisualStudioVersion = 10.0.40219.1
Project("{FAE04EC0-301F-11D3-BF4B-00C04F79EFBC}") = "TP1_Ruiz", "TP1_Ruiz\TP1_Ruiz.csproj", "{9F501D35-697D-402A-A425-38B2BE0F85BA}"
EndProject
Global
	GlobalSection(SolutionConfigurationPlatforms) = preSolution
		Debug|Any CPU = Debug|Any CPU
		Release|Any CPU = Release|Any CPU
	EndGlobalSection
	GlobalSection(ProjectConfigurationPlatforms) = postSolution
		{9F501D35-697D-402A-A425-38B2BE0F85BA}.Debug|Any CPU.ActiveCfg = Debug|Any CPU
		{9F501D35-697D-402A-A425-38B2BE0F85BA}.Debug|Any CPU.Build.0 = Debug|Any CPU
		{9F501D35-697D-402A-A425-38B2BE0F85BA}.Release|Any CPU.ActiveCfg = Release|Any CPU
		{9F501D35-697D-402A-A425-38B2BE0F85BA}.Release|Any CPU.Build.0 = Release|Any CPU
	EndGlobalSection
	GlobalSection(SolutionProperties) = preSolution
		HideSolutionNode = FALSE
	EndGlobalSection
	GlobalSection(ExtensibilityGlobals) = postSolution
		SolutionGuid = {710BB4FC-867D-402C-B81F-C4CF1F3D6DE0}
	EndGlobalSection
EndGlobal
